
Microsoft Visual Studio Solution File, Format Version 12.00
# Visual Studio Version 17
VisualStudioVersion = 17.2.32630.192
MinimumVisualStudioVersion = 10.0.40219.1
Project("{FAE04EC0-301F-11D3-BF4B-00C04F79EFBC}") = "ProyectoFinal", "ProyectoFinal\ProyectoFinal.csproj", "{0B992C1A-2B75-4DFE-80FC-5BB96D084ABE}"
EndProject
Global
	GlobalSection(SolutionConfigurationPlatforms) = preSolution
		Debug|Any CPU = Debug|Any CPU
		Release|Any CPU = Release|Any CPU
	EndGlobalSection
	GlobalSection(ProjectConfigurationPlatforms) = postSolution
		{0B992C1A-2B75-4DFE-80FC-5BB96D084ABE}.Debug|Any CPU.ActiveCfg = Debug|Any CPU
		{0B992C1A-2B75-4DFE-80FC-5BB96D084ABE}.Debug|Any CPU.Build.0 = Debug|Any CPU
		{0B992C1A-2B75-4DFE-80FC-5BB96D084ABE}.Release|Any CPU.ActiveCfg = Release|Any CPU
		{0B992C1A-2B75-4DFE-80FC-5BB96D084ABE}.Release|Any CPU.Build.0 = Release|Any CPU
	EndGlobalSection
	GlobalSection(SolutionProperties) = preSolution
		HideSolutionNode = FALSE
	EndGlobalSection
	GlobalSection(ExtensibilityGlobals) = postSolution
		SolutionGuid = {EBDE7673-3DD8-428D-A307-FAB39089701A}
	EndGlobalSection
EndGlobal
